{
  "lockfile_version": "1",
  "packages": {
    "jdk-headless@17": {
      "last_modified": "2023-06-30T04:44:22Z",
      "resolved": "github:NixOS/nixpkgs/3c614fbc76fc152f3e1bc4b2263da6d90adf80fb#jdk17_headless",
      "source": "devbox-search",
      "version": "17.0.7+7"
    },
    "poetry@1.4.2": {
      "last_modified": "2023-05-19T19:44:39Z",
      "plugin_version": "0.0.4",
      "resolved": "github:NixOS/nixpkgs/4a22f6f0a4b4354778f786425babce9a56f6b5d8#poetry",
      "source": "devbox-search",
      "version": "1.4.2"
    },
    "python@3.10": {
      "last_modified": "2023-05-18T17:48:07Z",
      "plugin_version": "0.0.3",
      "resolved": "github:NixOS/nixpkgs/7721e0d2c1845c24eafd5a016b9d349187c48097#python3",
      "source": "devbox-search",
      "version": "3.10.11"
    }
  }
}
